<?xml version="1.0" encoding="utf-8"?>
<Project ToolsVersion="4.0" xmlns="http://schemas.microsoft.com/developer/msbuild/2003">
  <ItemGroup>
    <Filter Include="Amoeba">
      <UniqueIdentifier>{4A5D71A7-36FF-9B7D-1FBA-AFD10BFB22CE}</UniqueIdentifier>
    </Filter>
  </ItemGroup>
  <ItemGroup>
    <ClInclude Include="src\Amoeba.h" />
    <ClInclude Include="src\Amoeba\Application.h">
      <Filter>Amoeba</Filter>
    </ClInclude>
    <ClInclude Include="src\Amoeba\Core.h">
      <Filter>Amoeba</Filter>
    </ClInclude>
    <ClInclude Include="src\Amoeba\EntryPoint.h">
      <Filter>Amoeba</Filter>
    </ClInclude>
    <ClInclude Include="src\Amoeba\Log.h">
      <Filter>Amoeba</Filter>
    </ClInclude>
  </ItemGroup>
  <ItemGroup>
    <ClCompile Include="src\Amoeba\Application.cpp">
      <Filter>Amoeba</Filter>
    </ClCompile>
    <ClCompile Include="src\Amoeba\Log.cpp">
      <Filter>Amoeba</Filter>
    </ClCompile>
  </ItemGroup>
</Project>