<?xml version="1.0" encoding="utf-8"?>
<Project ToolsVersion="4.0" xmlns="http://schemas.microsoft.com/developer/msbuild/2003">
  <ItemGroup>
    <Filter Include="Amoeba">
      <UniqueIdentifier>{4A5D71A7-36FF-9B7D-1FBA-AFD10BFB22CE}</UniqueIdentifier>
    </Filter>
    <Filter Include="Amoeba\Events">
      <UniqueIdentifier>{EEF123BF-5AB2-9FF5-23ED-E8728F6CE4D1}</UniqueIdentifier>
    </Filter>
    <Filter Include="Amoeba\ImGui">
      <UniqueIdentifier>{F421A153-E084-30F8-890A-69AE754CFC7A}</UniqueIdentifier>
    </Filter>
    <Filter Include="Platform">
      <UniqueIdentifier>{2AC788B4-1694-E3BF-3FAD-D1672BD9184E}</UniqueIdentifier>
    </Filter>
    <Filter Include="Platform\OpenGL">
      <UniqueIdentifier>{1E7D2C1D-8A08-9AE1-9319-1DD6FF23F6E1}</UniqueIdentifier>
    </Filter>
  </ItemGroup>
  <ItemGroup>
    <ClInclude Include="src\Amoeba.h" />
    <ClInclude Include="src\Amoeba\Application.h">
      <Filter>Amoeba</Filter>
    </ClInclude>
    <ClInclude Include="src\Amoeba\Core.h">
      <Filter>Amoeba</Filter>
    </ClInclude>
    <ClInclude Include="src\Amoeba\EntryPoint.h">
      <Filter>Amoeba</Filter>
    </ClInclude>
    <ClInclude Include="src\Amoeba\Events\ApplicationEvent.h">
      <Filter>Amoeba\Events</Filter>
    </ClInclude>
    <ClInclude Include="src\Amoeba\Events\Event.h">
      <Filter>Amoeba\Events</Filter>
    </ClInclude>
    <ClInclude Include="src\Amoeba\Events\KeyEvent.h">
      <Filter>Amoeba\Events</Filter>
    </ClInclude>
    <ClInclude Include="src\Amoeba\Events\MouseEvent.h">
      <Filter>Amoeba\Events</Filter>
    </ClInclude>
    <ClInclude Include="src\Amoeba\ImGui\ImGuiLayer.h">
      <Filter>Amoeba\ImGui</Filter>
    </ClInclude>
    <ClInclude Include="src\Amoeba\Layer.h">
      <Filter>Amoeba</Filter>
    </ClInclude>
    <ClInclude Include="src\Amoeba\LayerStack.h">
      <Filter>Amoeba</Filter>
    </ClInclude>
    <ClInclude Include="src\Amoeba\Log.h">
      <Filter>Amoeba</Filter>
    </ClInclude>
    <ClInclude Include="src\Amoeba\Window.h">
      <Filter>Amoeba</Filter>
    </ClInclude>
    <ClInclude Include="src\Platform\OpenGL\ImGuiOpenGLRenderer.h">
      <Filter>Platform\OpenGL</Filter>
    </ClInclude>
    <ClInclude Include="src\Platform\OpenGL\imgui_impl_opengl3_loader.h">
      <Filter>Platform\OpenGL</Filter>
    </ClInclude>
    <ClInclude Include="src\Platform\WindowsWindow.h">
      <Filter>Platform</Filter>
    </ClInclude>
    <ClInclude Include="src\amoebapch.h" />
  </ItemGroup>
  <ItemGroup>
    <ClCompile Include="src\Amoeba\Application.cpp">
      <Filter>Amoeba</Filter>
    </ClCompile>
    <ClCompile Include="src\Amoeba\ImGui\ImGuiLayer.cpp">
      <Filter>Amoeba\ImGui</Filter>
    </ClCompile>
    <ClCompile Include="src\Amoeba\Layer.cpp">
      <Filter>Amoeba</Filter>
    </ClCompile>
    <ClCompile Include="src\Amoeba\LayerStack.cpp">
      <Filter>Amoeba</Filter>
    </ClCompile>
    <ClCompile Include="src\Amoeba\Log.cpp">
      <Filter>Amoeba</Filter>
    </ClCompile>
    <ClCompile Include="src\Platform\OpenGL\ImGuiOpenGLRenderer.cpp">
      <Filter>Platform\OpenGL</Filter>
    </ClCompile>
    <ClCompile Include="src\Platform\WindowsWindow.cpp">
      <Filter>Platform</Filter>
    </ClCompile>
    <ClCompile Include="src\amoebapch.cpp" />
  </ItemGroup>
</Project>